
Microsoft Visual Studio Solution File, Format Version 12.00
# Visual Studio Version 17
VisualStudioVersion = 17.1.32228.430
MinimumVisualStudioVersion = 10.0.40219.1
Project("{FAE04EC0-301F-11D3-BF4B-00C04F79EFBC}") = "MontyHall", "MontyHall\MontyHall.csproj", "{A2215D4B-13FE-45B9-AADD-C3D1BBF5D6C7}"
EndProject
Project("{FAE04EC0-301F-11D3-BF4B-00C04F79EFBC}") = "MontyHallTestCase", "MontyHallTestCase\MontyHallTestCase.csproj", "{A89C4CE2-42AC-4C56-8F21-0149BE74D031}"
EndProject
Global
	GlobalSection(SolutionConfigurationPlatforms) = preSolution
		Debug|Any CPU = Debug|Any CPU
		Release|Any CPU = Release|Any CPU
	EndGlobalSection
	GlobalSection(ProjectConfigurationPlatforms) = postSolution
		{A2215D4B-13FE-45B9-AADD-C3D1BBF5D6C7}.Debug|Any CPU.ActiveCfg = Debug|Any CPU
		{A2215D4B-13FE-45B9-AADD-C3D1BBF5D6C7}.Debug|Any CPU.Build.0 = Debug|Any CPU
		{A2215D4B-13FE-45B9-AADD-C3D1BBF5D6C7}.Release|Any CPU.ActiveCfg = Release|Any CPU
		{A2215D4B-13FE-45B9-AADD-C3D1BBF5D6C7}.Release|Any CPU.Build.0 = Release|Any CPU
		{A89C4CE2-42AC-4C56-8F21-0149BE74D031}.Debug|Any CPU.ActiveCfg = Debug|Any CPU
		{A89C4CE2-42AC-4C56-8F21-0149BE74D031}.Debug|Any CPU.Build.0 = Debug|Any CPU
		{A89C4CE2-42AC-4C56-8F21-0149BE74D031}.Release|Any CPU.ActiveCfg = Release|Any CPU
		{A89C4CE2-42AC-4C56-8F21-0149BE74D031}.Release|Any CPU.Build.0 = Release|Any CPU
	EndGlobalSection
	GlobalSection(SolutionProperties) = preSolution
		HideSolutionNode = FALSE
	EndGlobalSection
	GlobalSection(ExtensibilityGlobals) = postSolution
		SolutionGuid = {C3259BBC-7FDD-4912-982D-BB9894B9667B}
	EndGlobalSection
EndGlobal
